
Microsoft Visual Studio Solution File, Format Version 12.00
Project("{FAE04EC0-301F-11D3-BF4B-00C04F79EFBC}") = "SukiTest", "SukiTest\SukiTest.csproj", "{40C558BB-EDB9-43F6-AC78-FCE97658FFC2}"
EndProject
Global
	GlobalSection(SolutionConfigurationPlatforms) = preSolution
		Debug|Any CPU = Debug|Any CPU
		Release|Any CPU = Release|Any CPU
	EndGlobalSection
	GlobalSection(ProjectConfigurationPlatforms) = postSolution
		{40C558BB-EDB9-43F6-AC78-FCE97658FFC2}.Debug|Any CPU.ActiveCfg = Debug|Any CPU
		{40C558BB-EDB9-43F6-AC78-FCE97658FFC2}.Debug|Any CPU.Build.0 = Debug|Any CPU
		{40C558BB-EDB9-43F6-AC78-FCE97658FFC2}.Release|Any CPU.ActiveCfg = Release|Any CPU
		{40C558BB-EDB9-43F6-AC78-FCE97658FFC2}.Release|Any CPU.Build.0 = Release|Any CPU
	EndGlobalSection
EndGlobal
